
Microsoft Visual Studio Solution File, Format Version 12.00
# Visual Studio Version 17
VisualStudioVersion = 17.7.34009.444
MinimumVisualStudioVersion = 10.0.40219.1
Project("{00D1A9C2-B5F0-4AF3-8072-F6C62B433612}") = "Database", "Database\Database.sqlproj", "{84E92343-21C9-47A7-83ED-D851B4A1FFEE}"
EndProject
Project("{FAE04EC0-301F-11D3-BF4B-00C04F79EFBC}") = "Database.EfCore", "Database.EfCore\Database.EfCore.csproj", "{0633AF95-4B60-4FED-90B9-88F095CD99EF}"
EndProject
Global
	GlobalSection(SolutionConfigurationPlatforms) = preSolution
		Debug|Any CPU = Debug|Any CPU
		Release|Any CPU = Release|Any CPU
	EndGlobalSection
	GlobalSection(ProjectConfigurationPlatforms) = postSolution
		{84E92343-21C9-47A7-83ED-D851B4A1FFEE}.Debug|Any CPU.ActiveCfg = Debug|Any CPU
		{84E92343-21C9-47A7-83ED-D851B4A1FFEE}.Debug|Any CPU.Build.0 = Debug|Any CPU
		{84E92343-21C9-47A7-83ED-D851B4A1FFEE}.Debug|Any CPU.Deploy.0 = Debug|Any CPU
		{84E92343-21C9-47A7-83ED-D851B4A1FFEE}.Release|Any CPU.ActiveCfg = Release|Any CPU
		{84E92343-21C9-47A7-83ED-D851B4A1FFEE}.Release|Any CPU.Build.0 = Release|Any CPU
		{84E92343-21C9-47A7-83ED-D851B4A1FFEE}.Release|Any CPU.Deploy.0 = Release|Any CPU
		{0633AF95-4B60-4FED-90B9-88F095CD99EF}.Debug|Any CPU.ActiveCfg = Debug|Any CPU
		{0633AF95-4B60-4FED-90B9-88F095CD99EF}.Debug|Any CPU.Build.0 = Debug|Any CPU
		{0633AF95-4B60-4FED-90B9-88F095CD99EF}.Release|Any CPU.ActiveCfg = Release|Any CPU
		{0633AF95-4B60-4FED-90B9-88F095CD99EF}.Release|Any CPU.Build.0 = Release|Any CPU
	EndGlobalSection
	GlobalSection(SolutionProperties) = preSolution
		HideSolutionNode = FALSE
	EndGlobalSection
	GlobalSection(ExtensibilityGlobals) = postSolution
		SolutionGuid = {0BEF748F-BC16-403B-B8A7-DC809858756C}
	EndGlobalSection
EndGlobal
